
Microsoft Visual Studio Solution File, Format Version 12.00
# Visual Studio 15
VisualStudioVersion = 15.0.27703.2035
MinimumVisualStudioVersion = 10.0.40219.1
Project("{9A19103F-16F7-4668-BE54-9A1E7A4F7556}") = "TestTagHelpers", "TestTagHelpers\TestTagHelpers.csproj", "{D53A1138-36CB-438E-9E7F-E35831F557C9}"
EndProject
Project("{9A19103F-16F7-4668-BE54-9A1E7A4F7556}") = "Winter.Component", "ClientComponent\Winter.Component.csproj", "{88B4092A-50CE-4FFC-AC30-696459CD6093}"
EndProject
Global
	GlobalSection(SolutionConfigurationPlatforms) = preSolution
		Debug|Any CPU = Debug|Any CPU
		Release|Any CPU = Release|Any CPU
	EndGlobalSection
	GlobalSection(ProjectConfigurationPlatforms) = postSolution
		{D53A1138-36CB-438E-9E7F-E35831F557C9}.Debug|Any CPU.ActiveCfg = Debug|Any CPU
		{D53A1138-36CB-438E-9E7F-E35831F557C9}.Debug|Any CPU.Build.0 = Debug|Any CPU
		{D53A1138-36CB-438E-9E7F-E35831F557C9}.Release|Any CPU.ActiveCfg = Release|Any CPU
		{D53A1138-36CB-438E-9E7F-E35831F557C9}.Release|Any CPU.Build.0 = Release|Any CPU
		{88B4092A-50CE-4FFC-AC30-696459CD6093}.Debug|Any CPU.ActiveCfg = Debug|Any CPU
		{88B4092A-50CE-4FFC-AC30-696459CD6093}.Debug|Any CPU.Build.0 = Debug|Any CPU
		{88B4092A-50CE-4FFC-AC30-696459CD6093}.Release|Any CPU.ActiveCfg = Release|Any CPU
		{88B4092A-50CE-4FFC-AC30-696459CD6093}.Release|Any CPU.Build.0 = Release|Any CPU
	EndGlobalSection
	GlobalSection(SolutionProperties) = preSolution
		HideSolutionNode = FALSE
	EndGlobalSection
	GlobalSection(ExtensibilityGlobals) = postSolution
		SolutionGuid = {A8D9488B-BD0F-4582-A3EA-33D37378C88D}
	EndGlobalSection
EndGlobal
