
Microsoft Visual Studio Solution File, Format Version 12.00
# Visual Studio 15
VisualStudioVersion = 15.0.27703.2035
MinimumVisualStudioVersion = 10.0.40219.1
Project("{9A19103F-16F7-4668-BE54-9A1E7A4F7556}") = "Winter.Component", "Winter.Component.csproj", "{7D24D00D-FF9A-433D-9630-F97649A2CFCC}"
EndProject
Global
	GlobalSection(SolutionConfigurationPlatforms) = preSolution
		Debug|Any CPU = Debug|Any CPU
		Release|Any CPU = Release|Any CPU
	EndGlobalSection
	GlobalSection(ProjectConfigurationPlatforms) = postSolution
		{7D24D00D-FF9A-433D-9630-F97649A2CFCC}.Debug|Any CPU.ActiveCfg = Debug|Any CPU
		{7D24D00D-FF9A-433D-9630-F97649A2CFCC}.Debug|Any CPU.Build.0 = Debug|Any CPU
		{7D24D00D-FF9A-433D-9630-F97649A2CFCC}.Release|Any CPU.ActiveCfg = Release|Any CPU
		{7D24D00D-FF9A-433D-9630-F97649A2CFCC}.Release|Any CPU.Build.0 = Release|Any CPU
	EndGlobalSection
	GlobalSection(SolutionProperties) = preSolution
		HideSolutionNode = FALSE
	EndGlobalSection
	GlobalSection(ExtensibilityGlobals) = postSolution
		SolutionGuid = {37F99AD1-83CD-470B-8FCA-E2EDA9C59551}
	EndGlobalSection
EndGlobal
